// !$*UTF8*$!
{
	archiveVersion = 1;
	classes = {
	};
	objectVersion = 56;
	objects = {

/* Begin PBXBuildFile section */
		DE327D682AEAFC4C0014995F /* UtilityApp.swift in Sources */ = {isa = PBXBuildFile; fileRef = DE327D672AEAFC4C0014995F /* UtilityApp.swift */; };
		DE327D6A2AEAFC4C0014995F /* ContentView.swift in Sources */ = {isa = PBXBuildFile; fileRef = DE327D692AEAFC4C0014995F /* ContentView.swift */; };
		DE327D6C2AEAFC4D0014995F /* Assets.xcassets in Resources */ = {isa = PBXBuildFile; fileRef = DE327D6B2AEAFC4D0014995F /* Assets.xcassets */; };
		DE327D6F2AEAFC4D0014995F /* Preview Assets.xcassets in Resources */ = {isa = PBXBuildFile; fileRef = DE327D6E2AEAFC4D0014995F /* Preview Assets.xcassets */; };
		DE327D792AEAFC4D0014995F /* UtilityTests.swift in Sources */ = {isa = PBXBuildFile; fileRef = DE327D782AEAFC4D0014995F /* UtilityTests.swift */; };
		DE327D832AEAFC4D0014995F /* UtilityUITests.swift in Sources */ = {isa = PBXBuildFile; fileRef = DE327D822AEAFC4D0014995F /* UtilityUITests.swift */; };
		DE327D852AEAFC4D0014995F /* UtilityUITestsLaunchTests.swift in Sources */ = {isa = PBXBuildFile; fileRef = DE327D842AEAFC4D0014995F /* UtilityUITestsLaunchTests.swift */; };
/* End PBXBuildFile section */

/* Begin PBXContainerItemProxy section */
		DE327D752AEAFC4D0014995F /* PBXContainerItemProxy */ = {
			isa = PBXContainerItemProxy;
			containerPortal = DE327D5C2AEAFC4C0014995F /* Project object */;
			proxyType = 1;
			remoteGlobalIDString = DE327D632AEAFC4C0014995F;
			remoteInfo = Utility;
		};
		DE327D7F2AEAFC4D0014995F /* PBXContainerItemProxy */ = {
			isa = PBXContainerItemProxy;
			containerPortal = DE327D5C2AEAFC4C0014995F /* Project object */;
			proxyType = 1;
			remoteGlobalIDString = DE327D632AEAFC4C0014995F;
			remoteInfo = Utility;
		};
/* End PBXContainerItemProxy section */

/* Begin PBXFileReference section */
		DE327D642AEAFC4C0014995F /* Utility.app */ = {isa = PBXFileReference; explicitFileType = wrapper.application; includeInIndex = 0; path = Utility.app; sourceTree = BUILT_PRODUCTS_DIR; };
		DE327D672AEAFC4C0014995F /* UtilityApp.swift */ = {isa = PBXFileReference; lastKnownFileType = sourcecode.swift; path = UtilityApp.swift; sourceTree = "<group>"; };
		DE327D692AEAFC4C0014995F /* ContentView.swift */ = {isa = PBXFileReference; lastKnownFileType = sourcecode.swift; path = ContentView.swift; sourceTree = "<group>"; };
		DE327D6B2AEAFC4D0014995F /* Assets.xcassets */ = {isa = PBXFileReference; lastKnownFileType = folder.assetcatalog; path = Assets.xcassets; sourceTree = "<group>"; };
		DE327D6E2AEAFC4D0014995F /* Preview Assets.xcassets */ = {isa = PBXFileReference; lastKnownFileType = folder.assetcatalog; path = "Preview Assets.xcassets"; sourceTree = "<group>"; };
		DE327D742AEAFC4D0014995F /* UtilityTests.xctest */ = {isa = PBXFileReference; explicitFileType = wrapper.cfbundle; includeInIndex = 0; path = UtilityTests.xctest; sourceTree = BUILT_PRODUCTS_DIR; };
		DE327D782AEAFC4D0014995F /* UtilityTests.swift */ = {isa = PBXFileReference; lastKnownFileType = sourcecode.swift; path = UtilityTests.swift; sourceTree = "<group>"; };
		DE327D7E2AEAFC4D0014995F /* UtilityUITests.xctest */ = {isa = PBXFileReference; explicitFileType = wrapper.cfbundle; includeInIndex = 0; path = UtilityUITests.xctest; sourceTree = BUILT_PRODUCTS_DIR; };
		DE327D822AEAFC4D0014995F /* UtilityUITests.swift */ = {isa = PBXFileReference; lastKnownFileType = sourcecode.swift; path = UtilityUITests.swift; sourceTree = "<group>"; };
		DE327D842AEAFC4D0014995F /* UtilityUITestsLaunchTests.swift */ = {isa = PBXFileReference; lastKnownFileType = sourcecode.swift; path = UtilityUITestsLaunchTests.swift; sourceTree = "<group>"; };
/* End PBXFileReference section */

/* Begin PBXFrameworksBuildPhase section */
		DE327D612AEAFC4C0014995F /* Frameworks */ = {
			isa = PBXFrameworksBuildPhase;
			buildActionMask = 2147483647;
			files = (
			);
			runOnlyForDeploymentPostprocessing = 0;
		};
		DE327D712AEAFC4D0014995F /* Frameworks */ = {
			isa = PBXFrameworksBuildPhase;
			buildActionMask = 2147483647;
			files = (
			);
			runOnlyForDeploymentPostprocessing = 0;
		};
		DE327D7B2AEAFC4D0014995F /* Frameworks */ = {
			isa = PBXFrameworksBuildPhase;
			buildActionMask = 2147483647;
			files = (
			);
			runOnlyForDeploymentPostprocessing = 0;
		};
/* End PBXFrameworksBuildPhase section */

/* Begin PBXGroup section */
		DE327D5B2AEAFC4C0014995F = {
			isa = PBXGroup;
			children = (
				DE327D662AEAFC4C0014995F /* Utility */,
				DE327D772AEAFC4D0014995F /* UtilityTests */,
				DE327D812AEAFC4D0014995F /* UtilityUITests */,
				DE327D652AEAFC4C0014995F /* Products */,
			);
			sourceTree = "<group>";
		};
		DE327D652AEAFC4C0014995F /* Products */ = {
			isa = PBXGroup;
			children = (
				DE327D642AEAFC4C0014995F /* Utility.app */,
				DE327D742AEAFC4D0014995F /* UtilityTests.xctest */,
				DE327D7E2AEAFC4D0014995F /* UtilityUITests.xctest */,
			);
			name = Products;
			sourceTree = "<group>";
		};
		DE327D662AEAFC4C0014995F /* Utility */ = {
			isa = PBXGroup;
			children = (
				DE327D672AEAFC4C0014995F /* UtilityApp.swift */,
				DE327D692AEAFC4C0014995F /* ContentView.swift */,
				DE327D6B2AEAFC4D0014995F /* Assets.xcassets */,
				DE327D6D2AEAFC4D0014995F /* Preview Content */,
			);
			path = Utility;
			sourceTree = "<group>";
		};
		DE327D6D2AEAFC4D0014995F /* Preview Content */ = {
			isa = PBXGroup;
			children = (
				DE327D6E2AEAFC4D0014995F /* Preview Assets.xcassets */,
			);
			path = "Preview Content";
			sourceTree = "<group>";
		};
		DE327D772AEAFC4D0014995F /* UtilityTests */ = {
			isa = PBXGroup;
			children = (
				DE327D782AEAFC4D0014995F /* UtilityTests.swift */,
			);
			path = UtilityTests;
			sourceTree = "<group>";
		};
		DE327D812AEAFC4D0014995F /* UtilityUITests */ = {
			isa = PBXGroup;
			children = (
				DE327D822AEAFC4D0014995F /* UtilityUITests.swift */,
				DE327D842AEAFC4D0014995F /* UtilityUITestsLaunchTests.swift */,
			);
			path = UtilityUITests;
			sourceTree = "<group>";
		};
/* End PBXGroup section */

/* Begin PBXNativeTarget section */
		DE327D632AEAFC4C0014995F /* Utility */ = {
			isa = PBXNativeTarget;
			buildConfigurationList = DE327D882AEAFC4D0014995F /* Build configuration list for PBXNativeTarget "Utility" */;
			buildPhases = (
				DE327D602AEAFC4C0014995F /* Sources */,
				DE327D612AEAFC4C0014995F /* Frameworks */,
				DE327D622AEAFC4C0014995F /* Resources */,
			);
			buildRules = (
			);
			dependencies = (
			);
			name = Utility;
			productName = Utility;
			productReference = DE327D642AEAFC4C0014995F /* Utility.app */;
			productType = "com.apple.product-type.application";
		};
		DE327D732AEAFC4D0014995F /* UtilityTests */ = {
			isa = PBXNativeTarget;
			buildConfigurationList = DE327D8B2AEAFC4D0014995F /* Build configuration list for PBXNativeTarget "UtilityTests" */;
			buildPhases = (
				DE327D702AEAFC4D0014995F /* Sources */,
				DE327D712AEAFC4D0014995F /* Frameworks */,
				DE327D722AEAFC4D0014995F /* Resources */,
			);
			buildRules = (
			);
			dependencies = (
				DE327D762AEAFC4D0014995F /* PBXTargetDependency */,
			);
			name = UtilityTests;
			productName = UtilityTests;
			productReference = DE327D742AEAFC4D0014995F /* UtilityTests.xctest */;
			productType = "com.apple.product-type.bundle.unit-test";
		};
		DE327D7D2AEAFC4D0014995F /* UtilityUITests */ = {
			isa = PBXNativeTarget;
			buildConfigurationList = DE327D8E2AEAFC4D0014995F /* Build configuration list for PBXNativeTarget "UtilityUITests" */;
			buildPhases = (
				DE327D7A2AEAFC4D0014995F /* Sources */,
				DE327D7B2AEAFC4D0014995F /* Frameworks */,
				DE327D7C2AEAFC4D0014995F /* Resources */,
			);
			buildRules = (
			);
			dependencies = (
				DE327D802AEAFC4D0014995F /* PBXTargetDependency */,
			);
			name = UtilityUITests;
			productName = UtilityUITests;
			productReference = DE327D7E2AEAFC4D0014995F /* UtilityUITests.xctest */;
			productType = "com.apple.product-type.bundle.ui-testing";
		};
/* End PBXNativeTarget section */

/* Begin PBXProject section */
		DE327D5C2AEAFC4C0014995F /* Project object */ = {
			isa = PBXProject;
			attributes = {
				BuildIndependentTargetsInParallel = 1;
				LastSwiftUpdateCheck = 1430;
				LastUpgradeCheck = 1430;
				TargetAttributes = {
					DE327D632AEAFC4C0014995F = {
						CreatedOnToolsVersion = 14.3.1;
					};
					DE327D732AEAFC4D0014995F = {
						CreatedOnToolsVersion = 14.3.1;
						TestTargetID = DE327D632AEAFC4C0014995F;
					};
					DE327D7D2AEAFC4D0014995F = {
						CreatedOnToolsVersion = 14.3.1;
						TestTargetID = DE327D632AEAFC4C0014995F;
					};
				};
			};
			buildConfigurationList = DE327D5F2AEAFC4C0014995F /* Build configuration list for PBXProject "Utility" */;
			compatibilityVersion = "Xcode 14.0";
			developmentRegion = en;
			hasScannedForEncodings = 0;
			knownRegions = (
				en,
				Base,
			);
			mainGroup = DE327D5B2AEAFC4C0014995F;
			productRefGroup = DE327D652AEAFC4C0014995F /* Products */;
			projectDirPath = "";
			projectRoot = "";
			targets = (
				DE327D632AEAFC4C0014995F /* Utility */,
				DE327D732AEAFC4D0014995F /* UtilityTests */,
				DE327D7D2AEAFC4D0014995F /* UtilityUITests */,
			);
		};
/* End PBXProject section */

/* Begin PBXResourcesBuildPhase section */
		DE327D622AEAFC4C0014995F /* Resources */ = {
			isa = PBXResourcesBuildPhase;
			buildActionMask = 2147483647;
			files = (
				DE327D6F2AEAFC4D0014995F /* Preview Assets.xcassets in Resources */,
				DE327D6C2AEAFC4D0014995F /* Assets.xcassets in Resources */,
			);
			runOnlyForDeploymentPostprocessing = 0;
		};
		DE327D722AEAFC4D0014995F /* Resources */ = {
			isa = PBXResourcesBuildPhase;
			buildActionMask = 2147483647;
			files = (
			);
			runOnlyForDeploymentPostprocessing = 0;
		};
		DE327D7C2AEAFC4D0014995F /* Resources */ = {
			isa = PBXResourcesBuildPhase;
			buildActionMask = 2147483647;
			files = (
			);
			runOnlyForDeploymentPostprocessing = 0;
		};
/* End PBXResourcesBuildPhase section */

/* Begin PBXSourcesBuildPhase section */
		DE327D602AEAFC4C0014995F /* Sources */ = {
			isa = PBXSourcesBuildPhase;
			buildActionMask = 2147483647;
			files = (
				DE327D6A2AEAFC4C0014995F /* ContentView.swift in Sources */,
				DE327D682AEAFC4C0014995F /* UtilityApp.swift in Sources */,
			);
			runOnlyForDeploymentPostprocessing = 0;
		};
		DE327D702AEAFC4D0014995F /* Sources */ = {
			isa = PBXSourcesBuildPhase;
			buildActionMask = 2147483647;
			files = (
				DE327D792AEAFC4D0014995F /* UtilityTests.swift in Sources */,
			);
			runOnlyForDeploymentPostprocessing = 0;
		};
		DE327D7A2AEAFC4D0014995F /* Sources */ = {
			isa = PBXSourcesBuildPhase;
			buildActionMask = 2147483647;
			files = (
				DE327D832AEAFC4D0014995F /* UtilityUITests.swift in Sources */,
				DE327D852AEAFC4D0014995F /* UtilityUITestsLaunchTests.swift in Sources */,
			);
			runOnlyForDeploymentPostprocessing = 0;
		};
/* End PBXSourcesBuildPhase section */

/* Begin PBXTargetDependency section */
		DE327D762AEAFC4D0014995F /* PBXTargetDependency */ = {
			isa = PBXTargetDependency;
			target = DE327D632AEAFC4C0014995F /* Utility */;
			targetProxy = DE327D752AEAFC4D0014995F /* PBXContainerItemProxy */;
		};
		DE327D802AEAFC4D0014995F /* PBXTargetDependency */ = {
			isa = PBXTargetDependency;
			target = DE327D632AEAFC4C0014995F /* Utility */;
			targetProxy = DE327D7F2AEAFC4D0014995F /* PBXContainerItemProxy */;
		};
/* End PBXTargetDependency section */

/* Begin XCBuildConfiguration section */
		DE327D862AEAFC4D0014995F /* Debug */ = {
			isa = XCBuildConfiguration;
			buildSettings = {
				ALWAYS_SEARCH_USER_PATHS = NO;
				CLANG_ANALYZER_NONNULL = YES;
				CLANG_ANALYZER_NUMBER_OBJECT_CONVERSION = YES_AGGRESSIVE;
				CLANG_CXX_LANGUAGE_STANDARD = "gnu++20";
				CLANG_ENABLE_MODULES = YES;
				CLANG_ENABLE_OBJC_ARC = YES;
				CLANG_ENABLE_OBJC_WEAK = YES;
				CLANG_WARN_BLOCK_CAPTURE_AUTORELEASING = YES;
				CLANG_WARN_BOOL_CONVERSION = YES;
				CLANG_WARN_COMMA = YES;
				CLANG_WARN_CONSTANT_CONVERSION = YES;
				CLANG_WARN_DEPRECATED_OBJC_IMPLEMENTATIONS = YES;
				CLANG_WARN_DIRECT_OBJC_ISA_USAGE = YES_ERROR;
				CLANG_WARN_DOCUMENTATION_COMMENTS = YES;
				CLANG_WARN_EMPTY_BODY = YES;
				CLANG_WARN_ENUM_CONVERSION = YES;
				CLANG_WARN_INFINITE_RECURSION = YES;
				CLANG_WARN_INT_CONVERSION = YES;
				CLANG_WARN_NON_LITERAL_NULL_CONVERSION = YES;
				CLANG_WARN_OBJC_IMPLICIT_RETAIN_SELF = YES;
				CLANG_WARN_OBJC_LITERAL_CONVERSION = YES;
				CLANG_WARN_OBJC_ROOT_CLASS = YES_ERROR;
				CLANG_WARN_QUOTED_INCLUDE_IN_FRAMEWORK_HEADER = YES;
				CLANG_WARN_RANGE_LOOP_ANALYSIS = YES;
				CLANG_WARN_STRICT_PROTOTYPES = YES;
				CLANG_WARN_SUSPICIOUS_MOVE = YES;
				CLANG_WARN_UNGUARDED_AVAILABILITY = YES_AGGRESSIVE;
				CLANG_WARN_UNREACHABLE_CODE = YES;
				CLANG_WARN__DUPLICATE_METHOD_MATCH = YES;
				COPY_PHASE_STRIP = NO;
				DEBUG_INFORMATION_FORMAT = dwarf;
				ENABLE_STRICT_OBJC_MSGSEND = YES;
				ENABLE_TESTABILITY = YES;
				GCC_C_LANGUAGE_STANDARD = gnu11;
				GCC_DYNAMIC_NO_PIC = NO;
				GCC_NO_COMMON_BLOCKS = YES;
				GCC_OPTIMIZATION_LEVEL = 0;
				GCC_PREPROCESSOR_DEFINITIONS = (
					"DEBUG=1",
					"$(inherited)",
				);
				GCC_WARN_64_TO_32_BIT_CONVERSION = YES;
				GCC_WARN_ABOUT_RETURN_TYPE = YES_ERROR;
				GCC_WARN_UNDECLARED_SELECTOR = YES;
				GCC_WARN_UNINITIALIZED_AUTOS = YES_AGGRESSIVE;
				GCC_WARN_UNUSED_FUNCTION = YES;
				GCC_WARN_UNUSED_VARIABLE = YES;
				IPHONEOS_DEPLOYMENT_TARGET = 16.4;
				MTL_ENABLE_DEBUG_INFO = INCLUDE_SOURCE;
				MTL_FAST_MATH = YES;
				ONLY_ACTIVE_ARCH = YES;
				SDKROOT = iphoneos;
				SWIFT_ACTIVE_COMPILATION_CONDITIONS = DEBUG;
				SWIFT_OPTIMIZATION_LEVEL = "-Onone";
			};
			name = Debug;
		};
		DE327D872AEAFC4D0014995F /* Release */ = {
			isa = XCBuildConfiguration;
			buildSettings = {
				ALWAYS_SEARCH_USER_PATHS = NO;
				CLANG_ANALYZER_NONNULL = YES;
				CLANG_ANALYZER_NUMBER_OBJECT_CONVERSION = YES_AGGRESSIVE;
				CLANG_CXX_LANGUAGE_STANDARD = "gnu++20";
				CLANG_ENABLE_MODULES = YES;
				CLANG_ENABLE_OBJC_ARC = YES;
				CLANG_ENABLE_OBJC_WEAK = YES;
				CLANG_WARN_BLOCK_CAPTURE_AUTORELEASING = YES;
				CLANG_WARN_BOOL_CONVERSION = YES;
				CLANG_WARN_COMMA = YES;
				CLANG_WARN_CONSTANT_CONVERSION = YES;
				CLANG_WARN_DEPRECATED_OBJC_IMPLEMENTATIONS = YES;
				CLANG_WARN_DIRECT_OBJC_ISA_USAGE = YES_ERROR;
				CLANG_WARN_DOCUMENTATION_COMMENTS = YES;
				CLANG_WARN_EMPTY_BODY = YES;
				CLANG_WARN_ENUM_CONVERSION = YES;
				CLANG_WARN_INFINITE_RECURSION = YES;
				CLANG_WARN_INT_CONVERSION = YES;
				CLANG_WARN_NON_LITERAL_NULL_CONVERSION = YES;
				CLANG_WARN_OBJC_IMPLICIT_RETAIN_SELF = YES;
				CLANG_WARN_OBJC_LITERAL_CONVERSION = YES;
				CLANG_WARN_OBJC_ROOT_CLASS = YES_ERROR;
				CLANG_WARN_QUOTED_INCLUDE_IN_FRAMEWORK_HEADER = YES;
				CLANG_WARN_RANGE_LOOP_ANALYSIS = YES;
				CLANG_WARN_STRICT_PROTOTYPES = YES;
				CLANG_WARN_SUSPICIOUS_MOVE = YES;
				CLANG_WARN_UNGUARDED_AVAILABILITY = YES_AGGRESSIVE;
				CLANG_WARN_UNREACHABLE_CODE = YES;
				CLANG_WARN__DUPLICATE_METHOD_MATCH = YES;
				COPY_PHASE_STRIP = NO;
				DEBUG_INFORMATION_FORMAT = "dwarf-with-dsym";
				ENABLE_NS_ASSERTIONS = NO;
				ENABLE_STRICT_OBJC_MSGSEND = YES;
				GCC_C_LANGUAGE_STANDARD = gnu11;
				GCC_NO_COMMON_BLOCKS = YES;
				GCC_WARN_64_TO_32_BIT_CONVERSION = YES;
				GCC_WARN_ABOUT_RETURN_TYPE = YES_ERROR;
				GCC_WARN_UNDECLARED_SELECTOR = YES;
				GCC_WARN_UNINITIALIZED_AUTOS = YES_AGGRESSIVE;
				GCC_WARN_UNUSED_FUNCTION = YES;
				GCC_WARN_UNUSED_VARIABLE = YES;
				IPHONEOS_DEPLOYMENT_TARGET = 16.4;
				MTL_ENABLE_DEBUG_INFO = NO;
				MTL_FAST_MATH = YES;
				SDKROOT = iphoneos;
				SWIFT_COMPILATION_MODE = wholemodule;
				SWIFT_OPTIMIZATION_LEVEL = "-O";
				VALIDATE_PRODUCT = YES;
			};
			name = Release;
		};
		DE327D892AEAFC4D0014995F /* Debug */ = {
			isa = XCBuildConfiguration;
			buildSettings = {
				ASSETCATALOG_COMPILER_APPICON_NAME = AppIcon;
				ASSETCATALOG_COMPILER_GLOBAL_ACCENT_COLOR_NAME = AccentColor;
				CODE_SIGN_STYLE = Automatic;
				CURRENT_PROJECT_VERSION = 1;
				DEVELOPMENT_ASSET_PATHS = "\"Utility/Preview Content\"";
				DEVELOPMENT_TEAM = L27ZFRD7C3;
				ENABLE_PREVIEWS = YES;
				GENERATE_INFOPLIST_FILE = YES;
				INFOPLIST_KEY_UIApplicationSceneManifest_Generation = YES;
				INFOPLIST_KEY_UIApplicationSupportsIndirectInputEvents = YES;
				INFOPLIST_KEY_UILaunchScreen_Generation = YES;
				INFOPLIST_KEY_UISupportedInterfaceOrientations_iPad = "UIInterfaceOrientationPortrait UIInterfaceOrientationPortraitUpsideDown UIInterfaceOrientationLandscapeLeft UIInterfaceOrientationLandscapeRight";
				INFOPLIST_KEY_UISupportedInterfaceOrientations_iPhone = "UIInterfaceOrientationPortrait UIInterfaceOrientationLandscapeLeft UIInterfaceOrientationLandscapeRight";
				LD_RUNPATH_SEARCH_PATHS = (
					"$(inherited)",
					"@executable_path/Frameworks",
				);
				MARKETING_VERSION = 1.0;
				PRODUCT_BUNDLE_IDENTIFIER = "Lotts-Apps.Utility";
				PRODUCT_NAME = "$(TARGET_NAME)";
				SWIFT_EMIT_LOC_STRINGS = YES;
				SWIFT_VERSION = 5.0;
				TARGETED_DEVICE_FAMILY = "1,2";
			};
			name = Debug;
		};
		DE327D8A2AEAFC4D0014995F /* Release */ = {
			isa = XCBuildConfiguration;
			buildSettings = {
				ASSETCATALOG_COMPILER_APPICON_NAME = AppIcon;
				ASSETCATALOG_COMPILER_GLOBAL_ACCENT_COLOR_NAME = AccentColor;
				CODE_SIGN_STYLE = Automatic;
				CURRENT_PROJECT_VERSION = 1;
				DEVELOPMENT_ASSET_PATHS = "\"Utility/Preview Content\"";
				DEVELOPMENT_TEAM = L27ZFRD7C3;
				ENABLE_PREVIEWS = YES;
				GENERATE_INFOPLIST_FILE = YES;
				INFOPLIST_KEY_UIApplicationSceneManifest_Generation = YES;
				INFOPLIST_KEY_UIApplicationSupportsIndirectInputEvents = YES;
				INFOPLIST_KEY_UILaunchScreen_Generation = YES;
				INFOPLIST_KEY_UISupportedInterfaceOrientations_iPad = "UIInterfaceOrientationPortrait UIInterfaceOrientationPortraitUpsideDown UIInterfaceOrientationLandscapeLeft UIInterfaceOrientationLandscapeRight";
				INFOPLIST_KEY_UISupportedInterfaceOrientations_iPhone = "UIInterfaceOrientationPortrait UIInterfaceOrientationLandscapeLeft UIInterfaceOrientationLandscapeRight";
				LD_RUNPATH_SEARCH_PATHS = (
					"$(inherited)",
					"@executable_path/Frameworks",
				);
				MARKETING_VERSION = 1.0;
				PRODUCT_BUNDLE_IDENTIFIER = "Lotts-Apps.Utility";
				PRODUCT_NAME = "$(TARGET_NAME)";
				SWIFT_EMIT_LOC_STRINGS = YES;
				SWIFT_VERSION = 5.0;
				TARGETED_DEVICE_FAMILY = "1,2";
			};
			name = Release;
		};
		DE327D8C2AEAFC4D0014995F /* Debug */ = {
			isa = XCBuildConfiguration;
			buildSettings = {
				ALWAYS_EMBED_SWIFT_STANDARD_LIBRARIES = YES;
				BUNDLE_LOADER = "$(TEST_HOST)";
				CODE_SIGN_STYLE = Automatic;
				CURRENT_PROJECT_VERSION = 1;
				DEVELOPMENT_TEAM = L27ZFRD7C3;
				GENERATE_INFOPLIST_FILE = YES;
				IPHONEOS_DEPLOYMENT_TARGET = 16.4;
				MARKETING_VERSION = 1.0;
				PRODUCT_BUNDLE_IDENTIFIER = "Lotts-Apps.UtilityTests";
				PRODUCT_NAME = "$(TARGET_NAME)";
				SWIFT_EMIT_LOC_STRINGS = NO;
				SWIFT_VERSION = 5.0;
				TARGETED_DEVICE_FAMILY = "1,2";
				TEST_HOST = "$(BUILT_PRODUCTS_DIR)/Utility.app/$(BUNDLE_EXECUTABLE_FOLDER_PATH)/Utility";
			};
			name = Debug;
		};
		DE327D8D2AEAFC4D0014995F /* Release */ = {
			isa = XCBuildConfiguration;
			buildSettings = {
				ALWAYS_EMBED_SWIFT_STANDARD_LIBRARIES = YES;
				BUNDLE_LOADER = "$(TEST_HOST)";
				CODE_SIGN_STYLE = Automatic;
				CURRENT_PROJECT_VERSION = 1;
				DEVELOPMENT_TEAM = L27ZFRD7C3;
				GENERATE_INFOPLIST_FILE = YES;
				IPHONEOS_DEPLOYMENT_TARGET = 16.4;
				MARKETING_VERSION = 1.0;
				PRODUCT_BUNDLE_IDENTIFIER = "Lotts-Apps.UtilityTests";
				PRODUCT_NAME = "$(TARGET_NAME)";
				SWIFT_EMIT_LOC_STRINGS = NO;
				SWIFT_VERSION = 5.0;
				TARGETED_DEVICE_FAMILY = "1,2";
				TEST_HOST = "$(BUILT_PRODUCTS_DIR)/Utility.app/$(BUNDLE_EXECUTABLE_FOLDER_PATH)/Utility";
			};
			name = Release;
		};
		DE327D8F2AEAFC4D0014995F /* Debug */ = {
			isa = XCBuildConfiguration;
			buildSettings = {
				ALWAYS_EMBED_SWIFT_STANDARD_LIBRARIES = YES;
				CODE_SIGN_STYLE = Automatic;
				CURRENT_PROJECT_VERSION = 1;
				DEVELOPMENT_TEAM = L27ZFRD7C3;
				GENERATE_INFOPLIST_FILE = YES;
				MARKETING_VERSION = 1.0;
				PRODUCT_BUNDLE_IDENTIFIER = "Lotts-Apps.UtilityUITests";
				PRODUCT_NAME = "$(TARGET_NAME)";
				SWIFT_EMIT_LOC_STRINGS = NO;
				SWIFT_VERSION = 5.0;
				TARGETED_DEVICE_FAMILY = "1,2";
				TEST_TARGET_NAME = Utility;
			};
			name = Debug;
		};
		DE327D902AEAFC4D0014995F /* Release */ = {
			isa = XCBuildConfiguration;
			buildSettings = {
				ALWAYS_EMBED_SWIFT_STANDARD_LIBRARIES = YES;
				CODE_SIGN_STYLE = Automatic;
				CURRENT_PROJECT_VERSION = 1;
				DEVELOPMENT_TEAM = L27ZFRD7C3;
				GENERATE_INFOPLIST_FILE = YES;
				MARKETING_VERSION = 1.0;
				PRODUCT_BUNDLE_IDENTIFIER = "Lotts-Apps.UtilityUITests";
				PRODUCT_NAME = "$(TARGET_NAME)";
				SWIFT_EMIT_LOC_STRINGS = NO;
				SWIFT_VERSION = 5.0;
				TARGETED_DEVICE_FAMILY = "1,2";
				TEST_TARGET_NAME = Utility;
			};
			name = Release;
		};
/* End XCBuildConfiguration section */

/* Begin XCConfigurationList section */
		DE327D5F2AEAFC4C0014995F /* Build configuration list for PBXProject "Utility" */ = {
			isa = XCConfigurationList;
			buildConfigurations = (
				DE327D862AEAFC4D0014995F /* Debug */,
				DE327D872AEAFC4D0014995F /* Release */,
			);
			defaultConfigurationIsVisible = 0;
			defaultConfigurationName = Release;
		};
		DE327D882AEAFC4D0014995F /* Build configuration list for PBXNativeTarget "Utility" */ = {
			isa = XCConfigurationList;
			buildConfigurations = (
				DE327D892AEAFC4D0014995F /* Debug */,
				DE327D8A2AEAFC4D0014995F /* Release */,
			);
			defaultConfigurationIsVisible = 0;
			defaultConfigurationName = Release;
		};
		DE327D8B2AEAFC4D0014995F /* Build configuration list for PBXNativeTarget "UtilityTests" */ = {
			isa = XCConfigurationList;
			buildConfigurations = (
				DE327D8C2AEAFC4D0014995F /* Debug */,
				DE327D8D2AEAFC4D0014995F /* Release */,
			);
			defaultConfigurationIsVisible = 0;
			defaultConfigurationName = Release;
		};
		DE327D8E2AEAFC4D0014995F /* Build configuration list for PBXNativeTarget "UtilityUITests" */ = {
			isa = XCConfigurationList;
			buildConfigurations = (
				DE327D8F2AEAFC4D0014995F /* Debug */,
				DE327D902AEAFC4D0014995F /* Release */,
			);
			defaultConfigurationIsVisible = 0;
			defaultConfigurationName = Release;
		};
/* End XCConfigurationList section */
	};
	rootObject = DE327D5C2AEAFC4C0014995F /* Project object */;
}
